
Microsoft Visual Studio Solution File, Format Version 12.00
# Visual Studio Version 17
VisualStudioVersion = 17.10.34916.146
MinimumVisualStudioVersion = 10.0.40219.1
Project("{9A19103F-16F7-4668-BE54-9A1E7A4F7556}") = "DashBoard", "DashBoard\DashBoard.csproj", "{95267523-02B4-4EFA-A312-8E767F58BE5C}"
EndProject
Project("{9A19103F-16F7-4668-BE54-9A1E7A4F7556}") = "Dashboard.DataDto", "Dashboard.DataDto\Dashboard.DataDto.csproj", "{3D2FEE7A-5862-4A6C-9B79-BE186DE1E598}"
EndProject
Project("{FAE04EC0-301F-11D3-BF4B-00C04F79EFBC}") = "Dashboard.Service.Api", "Dashboard.Service.Api\Dashboard.Service.Api.csproj", "{73660131-1F21-4DE0-A8DA-C8956C9FC43B}"
EndProject
Project("{FAE04EC0-301F-11D3-BF4B-00C04F79EFBC}") = "Dashboard.Common", "Dashboard.Common\Dashboard.Common.csproj", "{1D1E5D1B-A927-4BFF-AC48-0EC1F48D4FAA}"
EndProject
Global
	GlobalSection(SolutionConfigurationPlatforms) = preSolution
		Debug|Any CPU = Debug|Any CPU
		Release|Any CPU = Release|Any CPU
	EndGlobalSection
	GlobalSection(ProjectConfigurationPlatforms) = postSolution
		{95267523-02B4-4EFA-A312-8E767F58BE5C}.Debug|Any CPU.ActiveCfg = Debug|Any CPU
		{95267523-02B4-4EFA-A312-8E767F58BE5C}.Debug|Any CPU.Build.0 = Debug|Any CPU
		{95267523-02B4-4EFA-A312-8E767F58BE5C}.Release|Any CPU.ActiveCfg = Release|Any CPU
		{95267523-02B4-4EFA-A312-8E767F58BE5C}.Release|Any CPU.Build.0 = Release|Any CPU
		{3D2FEE7A-5862-4A6C-9B79-BE186DE1E598}.Debug|Any CPU.ActiveCfg = Debug|Any CPU
		{3D2FEE7A-5862-4A6C-9B79-BE186DE1E598}.Debug|Any CPU.Build.0 = Debug|Any CPU
		{3D2FEE7A-5862-4A6C-9B79-BE186DE1E598}.Release|Any CPU.ActiveCfg = Release|Any CPU
		{3D2FEE7A-5862-4A6C-9B79-BE186DE1E598}.Release|Any CPU.Build.0 = Release|Any CPU
		{73660131-1F21-4DE0-A8DA-C8956C9FC43B}.Debug|Any CPU.ActiveCfg = Debug|Any CPU
		{73660131-1F21-4DE0-A8DA-C8956C9FC43B}.Debug|Any CPU.Build.0 = Debug|Any CPU
		{73660131-1F21-4DE0-A8DA-C8956C9FC43B}.Release|Any CPU.ActiveCfg = Release|Any CPU
		{73660131-1F21-4DE0-A8DA-C8956C9FC43B}.Release|Any CPU.Build.0 = Release|Any CPU
		{1D1E5D1B-A927-4BFF-AC48-0EC1F48D4FAA}.Debug|Any CPU.ActiveCfg = Debug|Any CPU
		{1D1E5D1B-A927-4BFF-AC48-0EC1F48D4FAA}.Debug|Any CPU.Build.0 = Debug|Any CPU
		{1D1E5D1B-A927-4BFF-AC48-0EC1F48D4FAA}.Release|Any CPU.ActiveCfg = Release|Any CPU
		{1D1E5D1B-A927-4BFF-AC48-0EC1F48D4FAA}.Release|Any CPU.Build.0 = Release|Any CPU
	EndGlobalSection
	GlobalSection(SolutionProperties) = preSolution
		HideSolutionNode = FALSE
	EndGlobalSection
	GlobalSection(ExtensibilityGlobals) = postSolution
		SolutionGuid = {20DB5E43-9457-4D0E-96C6-64C8AA62A38C}
	EndGlobalSection
EndGlobal
